// !$*UTF8*$!
{
	archiveVersion = 1;
	classes = {
	};
	objectVersion = 50;
	objects = {

/* Begin PBXBuildFile section */
		8C44B3142514A8AE00B0BB1D /* CountriesData.swift in Sources */ = {isa = PBXBuildFile; fileRef = 8C44B3132514A8AE00B0BB1D /* CountriesData.swift */; };
		8C4A8EA5251496BA00292028 /* WatchOSOnly-RESTAPI WatchKit App.app in Embed Watch Content */ = {isa = PBXBuildFile; fileRef = 8C4A8EA4251496BA00292028 /* WatchOSOnly-RESTAPI WatchKit App.app */; settings = {ATTRIBUTES = (RemoveHeadersOnCopy, ); }; };
		8C4A8EAB251496BA00292028 /* Interface.storyboard in Resources */ = {isa = PBXBuildFile; fileRef = 8C4A8EA9251496BA00292028 /* Interface.storyboard */; };
		8C4A8EAD251496BC00292028 /* Assets.xcassets in Resources */ = {isa = PBXBuildFile; fileRef = 8C4A8EAC251496BC00292028 /* Assets.xcassets */; };
		8C4A8EB4251496BD00292028 /* WatchOSOnly-RESTAPI WatchKit Extension.appex in Embed App Extensions */ = {isa = PBXBuildFile; fileRef = 8C4A8EB3251496BD00292028 /* WatchOSOnly-RESTAPI WatchKit Extension.appex */; settings = {ATTRIBUTES = (RemoveHeadersOnCopy, ); }; };
		8C4A8EB9251496BD00292028 /* InterfaceController.swift in Sources */ = {isa = PBXBuildFile; fileRef = 8C4A8EB8251496BD00292028 /* InterfaceController.swift */; };
		8C4A8EBB251496BD00292028 /* ExtensionDelegate.swift in Sources */ = {isa = PBXBuildFile; fileRef = 8C4A8EBA251496BD00292028 /* ExtensionDelegate.swift */; };
		8C4A8EBD251496BD00292028 /* NotificationController.swift in Sources */ = {isa = PBXBuildFile; fileRef = 8C4A8EBC251496BD00292028 /* NotificationController.swift */; };
		8C4A8EBF251496BD00292028 /* Assets.xcassets in Resources */ = {isa = PBXBuildFile; fileRef = 8C4A8EBE251496BD00292028 /* Assets.xcassets */; };
		8C4A8ED225149D6B00292028 /* GlobalData.swift in Sources */ = {isa = PBXBuildFile; fileRef = 8C4A8ED125149D6B00292028 /* GlobalData.swift */; };
		8C4A8ED425149DEA00292028 /* Convert.swift in Sources */ = {isa = PBXBuildFile; fileRef = 8C4A8ED325149DEA00292028 /* Convert.swift */; };
/* End PBXBuildFile section */

/* Begin PBXContainerItemProxy section */
		8C4A8EA6251496BA00292028 /* PBXContainerItemProxy */ = {
			isa = PBXContainerItemProxy;
			containerPortal = 8C4A8E9A251496BA00292028 /* Project object */;
			proxyType = 1;
			remoteGlobalIDString = 8C4A8EA3251496BA00292028;
			remoteInfo = "WatchOSOnly-RESTAPI WatchKit App";
		};
		8C4A8EB5251496BD00292028 /* PBXContainerItemProxy */ = {
			isa = PBXContainerItemProxy;
			containerPortal = 8C4A8E9A251496BA00292028 /* Project object */;
			proxyType = 1;
			remoteGlobalIDString = 8C4A8EB2251496BD00292028;
			remoteInfo = "WatchOSOnly-RESTAPI WatchKit Extension";
		};
/* End PBXContainerItemProxy section */

/* Begin PBXCopyFilesBuildPhase section */
		8C4A8EC7251496BD00292028 /* Embed App Extensions */ = {
			isa = PBXCopyFilesBuildPhase;
			buildActionMask = 2147483647;
			dstPath = "";
			dstSubfolderSpec = 13;
			files = (
				8C4A8EB4251496BD00292028 /* WatchOSOnly-RESTAPI WatchKit Extension.appex in Embed App Extensions */,
			);
			name = "Embed App Extensions";
			runOnlyForDeploymentPostprocessing = 0;
		};
		8C4A8ECB251496BD00292028 /* Embed Watch Content */ = {
			isa = PBXCopyFilesBuildPhase;
			buildActionMask = 2147483647;
			dstPath = "$(CONTENTS_FOLDER_PATH)/Watch";
			dstSubfolderSpec = 16;
			files = (
				8C4A8EA5251496BA00292028 /* WatchOSOnly-RESTAPI WatchKit App.app in Embed Watch Content */,
			);
			name = "Embed Watch Content";
			runOnlyForDeploymentPostprocessing = 0;
		};
/* End PBXCopyFilesBuildPhase section */

/* Begin PBXFileReference section */
		8C44B3132514A8AE00B0BB1D /* CountriesData.swift */ = {isa = PBXFileReference; lastKnownFileType = sourcecode.swift; path = CountriesData.swift; sourceTree = "<group>"; };
		8C4A8EA0251496BA00292028 /* WatchOSOnly-RESTAPI.app */ = {isa = PBXFileReference; explicitFileType = wrapper.application; includeInIndex = 0; path = "WatchOSOnly-RESTAPI.app"; sourceTree = BUILT_PRODUCTS_DIR; };
		8C4A8EA4251496BA00292028 /* WatchOSOnly-RESTAPI WatchKit App.app */ = {isa = PBXFileReference; explicitFileType = wrapper.application; includeInIndex = 0; path = "WatchOSOnly-RESTAPI WatchKit App.app"; sourceTree = BUILT_PRODUCTS_DIR; };
		8C4A8EAA251496BA00292028 /* Base */ = {isa = PBXFileReference; lastKnownFileType = file.storyboard; name = Base; path = Base.lproj/Interface.storyboard; sourceTree = "<group>"; };
		8C4A8EAC251496BC00292028 /* Assets.xcassets */ = {isa = PBXFileReference; lastKnownFileType = folder.assetcatalog; path = Assets.xcassets; sourceTree = "<group>"; };
		8C4A8EAE251496BC00292028 /* Info.plist */ = {isa = PBXFileReference; lastKnownFileType = text.plist.xml; path = Info.plist; sourceTree = "<group>"; };
		8C4A8EB3251496BD00292028 /* WatchOSOnly-RESTAPI WatchKit Extension.appex */ = {isa = PBXFileReference; explicitFileType = "wrapper.app-extension"; includeInIndex = 0; path = "WatchOSOnly-RESTAPI WatchKit Extension.appex"; sourceTree = BUILT_PRODUCTS_DIR; };
		8C4A8EB8251496BD00292028 /* InterfaceController.swift */ = {isa = PBXFileReference; lastKnownFileType = sourcecode.swift; path = InterfaceController.swift; sourceTree = "<group>"; };
		8C4A8EBA251496BD00292028 /* ExtensionDelegate.swift */ = {isa = PBXFileReference; lastKnownFileType = sourcecode.swift; path = ExtensionDelegate.swift; sourceTree = "<group>"; };
		8C4A8EBC251496BD00292028 /* NotificationController.swift */ = {isa = PBXFileReference; lastKnownFileType = sourcecode.swift; path = NotificationController.swift; sourceTree = "<group>"; };
		8C4A8EBE251496BD00292028 /* Assets.xcassets */ = {isa = PBXFileReference; lastKnownFileType = folder.assetcatalog; path = Assets.xcassets; sourceTree = "<group>"; };
		8C4A8EC0251496BD00292028 /* Info.plist */ = {isa = PBXFileReference; lastKnownFileType = text.plist.xml; path = Info.plist; sourceTree = "<group>"; };
		8C4A8EC1251496BD00292028 /* PushNotificationPayload.apns */ = {isa = PBXFileReference; lastKnownFileType = text; path = PushNotificationPayload.apns; sourceTree = "<group>"; };
		8C4A8ED125149D6B00292028 /* GlobalData.swift */ = {isa = PBXFileReference; lastKnownFileType = sourcecode.swift; path = GlobalData.swift; sourceTree = "<group>"; };
		8C4A8ED325149DEA00292028 /* Convert.swift */ = {isa = PBXFileReference; lastKnownFileType = sourcecode.swift; path = Convert.swift; sourceTree = "<group>"; };
/* End PBXFileReference section */

/* Begin PBXFrameworksBuildPhase section */
		8C4A8EB0251496BD00292028 /* Frameworks */ = {
			isa = PBXFrameworksBuildPhase;
			buildActionMask = 2147483647;
			files = (
			);
			runOnlyForDeploymentPostprocessing = 0;
		};
/* End PBXFrameworksBuildPhase section */

/* Begin PBXGroup section */
		8C4A8E99251496BA00292028 = {
			isa = PBXGroup;
			children = (
				8C4A8EA8251496BA00292028 /* WatchOSOnly-RESTAPI WatchKit App */,
				8C4A8EB7251496BD00292028 /* WatchOSOnly-RESTAPI WatchKit Extension */,
				8C4A8EA1251496BA00292028 /* Products */,
			);
			sourceTree = "<group>";
		};
		8C4A8EA1251496BA00292028 /* Products */ = {
			isa = PBXGroup;
			children = (
				8C4A8EA0251496BA00292028 /* WatchOSOnly-RESTAPI.app */,
				8C4A8EA4251496BA00292028 /* WatchOSOnly-RESTAPI WatchKit App.app */,
				8C4A8EB3251496BD00292028 /* WatchOSOnly-RESTAPI WatchKit Extension.appex */,
			);
			name = Products;
			sourceTree = "<group>";
		};
		8C4A8EA8251496BA00292028 /* WatchOSOnly-RESTAPI WatchKit App */ = {
			isa = PBXGroup;
			children = (
				8C4A8EA9251496BA00292028 /* Interface.storyboard */,
				8C4A8EAC251496BC00292028 /* Assets.xcassets */,
				8C4A8EAE251496BC00292028 /* Info.plist */,
			);
			path = "WatchOSOnly-RESTAPI WatchKit App";
			sourceTree = "<group>";
		};
		8C4A8EB7251496BD00292028 /* WatchOSOnly-RESTAPI WatchKit Extension */ = {
			isa = PBXGroup;
			children = (
				8C4A8EB8251496BD00292028 /* InterfaceController.swift */,
				8C4A8EBA251496BD00292028 /* ExtensionDelegate.swift */,
				8C4A8EBC251496BD00292028 /* NotificationController.swift */,
				8C4A8EBE251496BD00292028 /* Assets.xcassets */,
				8C4A8EC0251496BD00292028 /* Info.plist */,
				8C4A8EC1251496BD00292028 /* PushNotificationPayload.apns */,
				8C4A8ED125149D6B00292028 /* GlobalData.swift */,
				8C4A8ED325149DEA00292028 /* Convert.swift */,
				8C44B3132514A8AE00B0BB1D /* CountriesData.swift */,
			);
			path = "WatchOSOnly-RESTAPI WatchKit Extension";
			sourceTree = "<group>";
		};
/* End PBXGroup section */

/* Begin PBXNativeTarget section */
		8C4A8E9F251496BA00292028 /* WatchOSOnly-RESTAPI */ = {
			isa = PBXNativeTarget;
			buildConfigurationList = 8C4A8ECC251496BD00292028 /* Build configuration list for PBXNativeTarget "WatchOSOnly-RESTAPI" */;
			buildPhases = (
				8C4A8E9E251496BA00292028 /* Resources */,
				8C4A8ECB251496BD00292028 /* Embed Watch Content */,
			);
			buildRules = (
			);
			dependencies = (
				8C4A8EA7251496BA00292028 /* PBXTargetDependency */,
			);
			name = "WatchOSOnly-RESTAPI";
			productName = "WatchOSOnly-RESTAPI";
			productReference = 8C4A8EA0251496BA00292028 /* WatchOSOnly-RESTAPI.app */;
			productType = "com.apple.product-type.application.watchapp2-container";
		};
		8C4A8EA3251496BA00292028 /* WatchOSOnly-RESTAPI WatchKit App */ = {
			isa = PBXNativeTarget;
			buildConfigurationList = 8C4A8EC8251496BD00292028 /* Build configuration list for PBXNativeTarget "WatchOSOnly-RESTAPI WatchKit App" */;
			buildPhases = (
				8C4A8EA2251496BA00292028 /* Resources */,
				8C4A8EC7251496BD00292028 /* Embed App Extensions */,
			);
			buildRules = (
			);
			dependencies = (
				8C4A8EB6251496BD00292028 /* PBXTargetDependency */,
			);
			name = "WatchOSOnly-RESTAPI WatchKit App";
			productName = "WatchOSOnly-RESTAPI WatchKit App";
			productReference = 8C4A8EA4251496BA00292028 /* WatchOSOnly-RESTAPI WatchKit App.app */;
			productType = "com.apple.product-type.application.watchapp2";
		};
		8C4A8EB2251496BD00292028 /* WatchOSOnly-RESTAPI WatchKit Extension */ = {
			isa = PBXNativeTarget;
			buildConfigurationList = 8C4A8EC4251496BD00292028 /* Build configuration list for PBXNativeTarget "WatchOSOnly-RESTAPI WatchKit Extension" */;
			buildPhases = (
				8C4A8EAF251496BD00292028 /* Sources */,
				8C4A8EB0251496BD00292028 /* Frameworks */,
				8C4A8EB1251496BD00292028 /* Resources */,
			);
			buildRules = (
			);
			dependencies = (
			);
			name = "WatchOSOnly-RESTAPI WatchKit Extension";
			productName = "WatchOSOnly-RESTAPI WatchKit Extension";
			productReference = 8C4A8EB3251496BD00292028 /* WatchOSOnly-RESTAPI WatchKit Extension.appex */;
			productType = "com.apple.product-type.watchkit2-extension";
		};
/* End PBXNativeTarget section */

/* Begin PBXProject section */
		8C4A8E9A251496BA00292028 /* Project object */ = {
			isa = PBXProject;
			attributes = {
				LastSwiftUpdateCheck = 1150;
				LastUpgradeCheck = 1150;
				ORGANIZATIONNAME = "Tatsuya Moriguchi";
				TargetAttributes = {
					8C4A8E9F251496BA00292028 = {
						CreatedOnToolsVersion = 11.5;
					};
					8C4A8EA3251496BA00292028 = {
						CreatedOnToolsVersion = 11.5;
					};
					8C4A8EB2251496BD00292028 = {
						CreatedOnToolsVersion = 11.5;
					};
				};
			};
			buildConfigurationList = 8C4A8E9D251496BA00292028 /* Build configuration list for PBXProject "WatchOSOnly-RESTAPI" */;
			compatibilityVersion = "Xcode 9.3";
			developmentRegion = en;
			hasScannedForEncodings = 0;
			knownRegions = (
				en,
				Base,
			);
			mainGroup = 8C4A8E99251496BA00292028;
			productRefGroup = 8C4A8EA1251496BA00292028 /* Products */;
			projectDirPath = "";
			projectRoot = "";
			targets = (
				8C4A8E9F251496BA00292028 /* WatchOSOnly-RESTAPI */,
				8C4A8EA3251496BA00292028 /* WatchOSOnly-RESTAPI WatchKit App */,
				8C4A8EB2251496BD00292028 /* WatchOSOnly-RESTAPI WatchKit Extension */,
			);
		};
/* End PBXProject section */

/* Begin PBXResourcesBuildPhase section */
		8C4A8E9E251496BA00292028 /* Resources */ = {
			isa = PBXResourcesBuildPhase;
			buildActionMask = 2147483647;
			files = (
			);
			runOnlyForDeploymentPostprocessing = 0;
		};
		8C4A8EA2251496BA00292028 /* Resources */ = {
			isa = PBXResourcesBuildPhase;
			buildActionMask = 2147483647;
			files = (
				8C4A8EAD251496BC00292028 /* Assets.xcassets in Resources */,
				8C4A8EAB251496BA00292028 /* Interface.storyboard in Resources */,
			);
			runOnlyForDeploymentPostprocessing = 0;
		};
		8C4A8EB1251496BD00292028 /* Resources */ = {
			isa = PBXResourcesBuildPhase;
			buildActionMask = 2147483647;
			files = (
				8C4A8EBF251496BD00292028 /* Assets.xcassets in Resources */,
			);
			runOnlyForDeploymentPostprocessing = 0;
		};
/* End PBXResourcesBuildPhase section */

/* Begin PBXSourcesBuildPhase section */
		8C4A8EAF251496BD00292028 /* Sources */ = {
			isa = PBXSourcesBuildPhase;
			buildActionMask = 2147483647;
			files = (
				8C4A8EBD251496BD00292028 /* NotificationController.swift in Sources */,
				8C4A8ED425149DEA00292028 /* Convert.swift in Sources */,
				8C4A8EBB251496BD00292028 /* ExtensionDelegate.swift in Sources */,
				8C4A8ED225149D6B00292028 /* GlobalData.swift in Sources */,
				8C44B3142514A8AE00B0BB1D /* CountriesData.swift in Sources */,
				8C4A8EB9251496BD00292028 /* InterfaceController.swift in Sources */,
			);
			runOnlyForDeploymentPostprocessing = 0;
		};
/* End PBXSourcesBuildPhase section */

/* Begin PBXTargetDependency section */
		8C4A8EA7251496BA00292028 /* PBXTargetDependency */ = {
			isa = PBXTargetDependency;
			target = 8C4A8EA3251496BA00292028 /* WatchOSOnly-RESTAPI WatchKit App */;
			targetProxy = 8C4A8EA6251496BA00292028 /* PBXContainerItemProxy */;
		};
		8C4A8EB6251496BD00292028 /* PBXTargetDependency */ = {
			isa = PBXTargetDependency;
			target = 8C4A8EB2251496BD00292028 /* WatchOSOnly-RESTAPI WatchKit Extension */;
			targetProxy = 8C4A8EB5251496BD00292028 /* PBXContainerItemProxy */;
		};
/* End PBXTargetDependency section */

/* Begin PBXVariantGroup section */
		8C4A8EA9251496BA00292028 /* Interface.storyboard */ = {
			isa = PBXVariantGroup;
			children = (
				8C4A8EAA251496BA00292028 /* Base */,
			);
			name = Interface.storyboard;
			sourceTree = "<group>";
		};
/* End PBXVariantGroup section */

/* Begin XCBuildConfiguration section */
		8C4A8EC2251496BD00292028 /* Debug */ = {
			isa = XCBuildConfiguration;
			buildSettings = {
				ALWAYS_SEARCH_USER_PATHS = NO;
				CLANG_ANALYZER_NONNULL = YES;
				CLANG_ANALYZER_NUMBER_OBJECT_CONVERSION = YES_AGGRESSIVE;
				CLANG_CXX_LANGUAGE_STANDARD = "gnu++14";
				CLANG_CXX_LIBRARY = "libc++";
				CLANG_ENABLE_MODULES = YES;
				CLANG_ENABLE_OBJC_ARC = YES;
				CLANG_ENABLE_OBJC_WEAK = YES;
				CLANG_WARN_BLOCK_CAPTURE_AUTORELEASING = YES;
				CLANG_WARN_BOOL_CONVERSION = YES;
				CLANG_WARN_COMMA = YES;
				CLANG_WARN_CONSTANT_CONVERSION = YES;
				CLANG_WARN_DEPRECATED_OBJC_IMPLEMENTATIONS = YES;
				CLANG_WARN_DIRECT_OBJC_ISA_USAGE = YES_ERROR;
				CLANG_WARN_DOCUMENTATION_COMMENTS = YES;
				CLANG_WARN_EMPTY_BODY = YES;
				CLANG_WARN_ENUM_CONVERSION = YES;
				CLANG_WARN_INFINITE_RECURSION = YES;
				CLANG_WARN_INT_CONVERSION = YES;
				CLANG_WARN_NON_LITERAL_NULL_CONVERSION = YES;
				CLANG_WARN_OBJC_IMPLICIT_RETAIN_SELF = YES;
				CLANG_WARN_OBJC_LITERAL_CONVERSION = YES;
				CLANG_WARN_OBJC_ROOT_CLASS = YES_ERROR;
				CLANG_WARN_RANGE_LOOP_ANALYSIS = YES;
				CLANG_WARN_STRICT_PROTOTYPES = YES;
				CLANG_WARN_SUSPICIOUS_MOVE = YES;
				CLANG_WARN_UNGUARDED_AVAILABILITY = YES_AGGRESSIVE;
				CLANG_WARN_UNREACHABLE_CODE = YES;
				CLANG_WARN__DUPLICATE_METHOD_MATCH = YES;
				COPY_PHASE_STRIP = NO;
				DEBUG_INFORMATION_FORMAT = dwarf;
				ENABLE_STRICT_OBJC_MSGSEND = YES;
				ENABLE_TESTABILITY = YES;
				GCC_C_LANGUAGE_STANDARD = gnu11;
				GCC_DYNAMIC_NO_PIC = NO;
				GCC_NO_COMMON_BLOCKS = YES;
				GCC_OPTIMIZATION_LEVEL = 0;
				GCC_PREPROCESSOR_DEFINITIONS = (
					"DEBUG=1",
					"$(inherited)",
				);
				GCC_WARN_64_TO_32_BIT_CONVERSION = YES;
				GCC_WARN_ABOUT_RETURN_TYPE = YES_ERROR;
				GCC_WARN_UNDECLARED_SELECTOR = YES;
				GCC_WARN_UNINITIALIZED_AUTOS = YES_AGGRESSIVE;
				GCC_WARN_UNUSED_FUNCTION = YES;
				GCC_WARN_UNUSED_VARIABLE = YES;
				MTL_ENABLE_DEBUG_INFO = INCLUDE_SOURCE;
				MTL_FAST_MATH = YES;
				ONLY_ACTIVE_ARCH = YES;
				SDKROOT = iphoneos;
				SWIFT_ACTIVE_COMPILATION_CONDITIONS = DEBUG;
				SWIFT_OPTIMIZATION_LEVEL = "-Onone";
			};
			name = Debug;
		};
		8C4A8EC3251496BD00292028 /* Release */ = {
			isa = XCBuildConfiguration;
			buildSettings = {
				ALWAYS_SEARCH_USER_PATHS = NO;
				CLANG_ANALYZER_NONNULL = YES;
				CLANG_ANALYZER_NUMBER_OBJECT_CONVERSION = YES_AGGRESSIVE;
				CLANG_CXX_LANGUAGE_STANDARD = "gnu++14";
				CLANG_CXX_LIBRARY = "libc++";
				CLANG_ENABLE_MODULES = YES;
				CLANG_ENABLE_OBJC_ARC = YES;
				CLANG_ENABLE_OBJC_WEAK = YES;
				CLANG_WARN_BLOCK_CAPTURE_AUTORELEASING = YES;
				CLANG_WARN_BOOL_CONVERSION = YES;
				CLANG_WARN_COMMA = YES;
				CLANG_WARN_CONSTANT_CONVERSION = YES;
				CLANG_WARN_DEPRECATED_OBJC_IMPLEMENTATIONS = YES;
				CLANG_WARN_DIRECT_OBJC_ISA_USAGE = YES_ERROR;
				CLANG_WARN_DOCUMENTATION_COMMENTS = YES;
				CLANG_WARN_EMPTY_BODY = YES;
				CLANG_WARN_ENUM_CONVERSION = YES;
				CLANG_WARN_INFINITE_RECURSION = YES;
				CLANG_WARN_INT_CONVERSION = YES;
				CLANG_WARN_NON_LITERAL_NULL_CONVERSION = YES;
				CLANG_WARN_OBJC_IMPLICIT_RETAIN_SELF = YES;
				CLANG_WARN_OBJC_LITERAL_CONVERSION = YES;
				CLANG_WARN_OBJC_ROOT_CLASS = YES_ERROR;
				CLANG_WARN_RANGE_LOOP_ANALYSIS = YES;
				CLANG_WARN_STRICT_PROTOTYPES = YES;
				CLANG_WARN_SUSPICIOUS_MOVE = YES;
				CLANG_WARN_UNGUARDED_AVAILABILITY = YES_AGGRESSIVE;
				CLANG_WARN_UNREACHABLE_CODE = YES;
				CLANG_WARN__DUPLICATE_METHOD_MATCH = YES;
				COPY_PHASE_STRIP = NO;
				DEBUG_INFORMATION_FORMAT = "dwarf-with-dsym";
				ENABLE_NS_ASSERTIONS = NO;
				ENABLE_STRICT_OBJC_MSGSEND = YES;
				GCC_C_LANGUAGE_STANDARD = gnu11;
				GCC_NO_COMMON_BLOCKS = YES;
				GCC_WARN_64_TO_32_BIT_CONVERSION = YES;
				GCC_WARN_ABOUT_RETURN_TYPE = YES_ERROR;
				GCC_WARN_UNDECLARED_SELECTOR = YES;
				GCC_WARN_UNINITIALIZED_AUTOS = YES_AGGRESSIVE;
				GCC_WARN_UNUSED_FUNCTION = YES;
				GCC_WARN_UNUSED_VARIABLE = YES;
				MTL_ENABLE_DEBUG_INFO = NO;
				MTL_FAST_MATH = YES;
				SDKROOT = iphoneos;
				SWIFT_COMPILATION_MODE = wholemodule;
				SWIFT_OPTIMIZATION_LEVEL = "-O";
				VALIDATE_PRODUCT = YES;
			};
			name = Release;
		};
		8C4A8EC5251496BD00292028 /* Debug */ = {
			isa = XCBuildConfiguration;
			buildSettings = {
				ASSETCATALOG_COMPILER_COMPLICATION_NAME = Complication;
				CODE_SIGN_STYLE = Automatic;
				DEVELOPMENT_TEAM = GY7BG2G9TC;
				INFOPLIST_FILE = "WatchOSOnly-RESTAPI WatchKit Extension/Info.plist";
				LD_RUNPATH_SEARCH_PATHS = (
					"$(inherited)",
					"@executable_path/Frameworks",
					"@executable_path/../../Frameworks",
				);
				PRODUCT_BUNDLE_IDENTIFIER = "com.beckos.WatchOSOnly-RESTAPI.watchkitapp.watchkitextension";
				PRODUCT_NAME = "${TARGET_NAME}";
				SDKROOT = watchos;
				SKIP_INSTALL = YES;
				SWIFT_VERSION = 5.0;
				TARGETED_DEVICE_FAMILY = 4;
				WATCHOS_DEPLOYMENT_TARGET = 6.2;
			};
			name = Debug;
		};
		8C4A8EC6251496BD00292028 /* Release */ = {
			isa = XCBuildConfiguration;
			buildSettings = {
				ASSETCATALOG_COMPILER_COMPLICATION_NAME = Complication;
				CODE_SIGN_STYLE = Automatic;
				DEVELOPMENT_TEAM = GY7BG2G9TC;
				INFOPLIST_FILE = "WatchOSOnly-RESTAPI WatchKit Extension/Info.plist";
				LD_RUNPATH_SEARCH_PATHS = (
					"$(inherited)",
					"@executable_path/Frameworks",
					"@executable_path/../../Frameworks",
				);
				PRODUCT_BUNDLE_IDENTIFIER = "com.beckos.WatchOSOnly-RESTAPI.watchkitapp.watchkitextension";
				PRODUCT_NAME = "${TARGET_NAME}";
				SDKROOT = watchos;
				SKIP_INSTALL = YES;
				SWIFT_VERSION = 5.0;
				TARGETED_DEVICE_FAMILY = 4;
				WATCHOS_DEPLOYMENT_TARGET = 6.2;
			};
			name = Release;
		};
		8C4A8EC9251496BD00292028 /* Debug */ = {
			isa = XCBuildConfiguration;
			buildSettings = {
				ALWAYS_EMBED_SWIFT_STANDARD_LIBRARIES = YES;
				ASSETCATALOG_COMPILER_APPICON_NAME = AppIcon;
				CODE_SIGN_STYLE = Automatic;
				DEVELOPMENT_TEAM = GY7BG2G9TC;
				IBSC_MODULE = WatchOSOnly_RESTAPI_WatchKit_Extension;
				INFOPLIST_FILE = "WatchOSOnly-RESTAPI WatchKit App/Info.plist";
				PRODUCT_BUNDLE_IDENTIFIER = "com.beckos.WatchOSOnly-RESTAPI.watchkitapp";
				PRODUCT_NAME = "$(TARGET_NAME)";
				SDKROOT = watchos;
				SKIP_INSTALL = YES;
				SWIFT_VERSION = 5.0;
				TARGETED_DEVICE_FAMILY = 4;
				WATCHOS_DEPLOYMENT_TARGET = 6.2;
			};
			name = Debug;
		};
		8C4A8ECA251496BD00292028 /* Release */ = {
			isa = XCBuildConfiguration;
			buildSettings = {
				ALWAYS_EMBED_SWIFT_STANDARD_LIBRARIES = YES;
				ASSETCATALOG_COMPILER_APPICON_NAME = AppIcon;
				CODE_SIGN_STYLE = Automatic;
				DEVELOPMENT_TEAM = GY7BG2G9TC;
				IBSC_MODULE = WatchOSOnly_RESTAPI_WatchKit_Extension;
				INFOPLIST_FILE = "WatchOSOnly-RESTAPI WatchKit App/Info.plist";
				PRODUCT_BUNDLE_IDENTIFIER = "com.beckos.WatchOSOnly-RESTAPI.watchkitapp";
				PRODUCT_NAME = "$(TARGET_NAME)";
				SDKROOT = watchos;
				SKIP_INSTALL = YES;
				SWIFT_VERSION = 5.0;
				TARGETED_DEVICE_FAMILY = 4;
				WATCHOS_DEPLOYMENT_TARGET = 6.2;
			};
			name = Release;
		};
		8C4A8ECD251496BD00292028 /* Debug */ = {
			isa = XCBuildConfiguration;
			buildSettings = {
				CODE_SIGN_STYLE = Automatic;
				CURRENT_PROJECT_VERSION = 1;
				DEVELOPMENT_TEAM = GY7BG2G9TC;
				MARKETING_VERSION = 1.0;
				PRODUCT_BUNDLE_IDENTIFIER = "com.beckos.WatchOSOnly-RESTAPI";
				PRODUCT_NAME = "$(TARGET_NAME)";
				SWIFT_VERSION = 5.0;
			};
			name = Debug;
		};
		8C4A8ECE251496BD00292028 /* Release */ = {
			isa = XCBuildConfiguration;
			buildSettings = {
				CODE_SIGN_STYLE = Automatic;
				CURRENT_PROJECT_VERSION = 1;
				DEVELOPMENT_TEAM = GY7BG2G9TC;
				MARKETING_VERSION = 1.0;
				PRODUCT_BUNDLE_IDENTIFIER = "com.beckos.WatchOSOnly-RESTAPI";
				PRODUCT_NAME = "$(TARGET_NAME)";
				SWIFT_VERSION = 5.0;
			};
			name = Release;
		};
/* End XCBuildConfiguration section */

/* Begin XCConfigurationList section */
		8C4A8E9D251496BA00292028 /* Build configuration list for PBXProject "WatchOSOnly-RESTAPI" */ = {
			isa = XCConfigurationList;
			buildConfigurations = (
				8C4A8EC2251496BD00292028 /* Debug */,
				8C4A8EC3251496BD00292028 /* Release */,
			);
			defaultConfigurationIsVisible = 0;
			defaultConfigurationName = Release;
		};
		8C4A8EC4251496BD00292028 /* Build configuration list for PBXNativeTarget "WatchOSOnly-RESTAPI WatchKit Extension" */ = {
			isa = XCConfigurationList;
			buildConfigurations = (
				8C4A8EC5251496BD00292028 /* Debug */,
				8C4A8EC6251496BD00292028 /* Release */,
			);
			defaultConfigurationIsVisible = 0;
			defaultConfigurationName = Release;
		};
		8C4A8EC8251496BD00292028 /* Build configuration list for PBXNativeTarget "WatchOSOnly-RESTAPI WatchKit App" */ = {
			isa = XCConfigurationList;
			buildConfigurations = (
				8C4A8EC9251496BD00292028 /* Debug */,
				8C4A8ECA251496BD00292028 /* Release */,
			);
			defaultConfigurationIsVisible = 0;
			defaultConfigurationName = Release;
		};
		8C4A8ECC251496BD00292028 /* Build configuration list for PBXNativeTarget "WatchOSOnly-RESTAPI" */ = {
			isa = XCConfigurationList;
			buildConfigurations = (
				8C4A8ECD251496BD00292028 /* Debug */,
				8C4A8ECE251496BD00292028 /* Release */,
			);
			defaultConfigurationIsVisible = 0;
			defaultConfigurationName = Release;
		};
/* End XCConfigurationList section */
	};
	rootObject = 8C4A8E9A251496BA00292028 /* Project object */;
}
